
Microsoft Visual Studio Solution File, Format Version 12.00
# Visual Studio Version 17
VisualStudioVersion = 17.0.32014.148
MinimumVisualStudioVersion = 10.0.40219.1
Project("{FAE04EC0-301F-11D3-BF4B-00C04F79EFBC}") = "RayTracer", "RayTracer\RayTracer.csproj", "{5383A787-8BEB-40A2-845D-1BDEAFBA442C}"
EndProject
Global
	GlobalSection(SolutionConfigurationPlatforms) = preSolution
		Debug|Any CPU = Debug|Any CPU
		Release|Any CPU = Release|Any CPU
	EndGlobalSection
	GlobalSection(ProjectConfigurationPlatforms) = postSolution
		{5383A787-8BEB-40A2-845D-1BDEAFBA442C}.Debug|Any CPU.ActiveCfg = Debug|Any CPU
		{5383A787-8BEB-40A2-845D-1BDEAFBA442C}.Debug|Any CPU.Build.0 = Debug|Any CPU
		{5383A787-8BEB-40A2-845D-1BDEAFBA442C}.Release|Any CPU.ActiveCfg = Release|Any CPU
		{5383A787-8BEB-40A2-845D-1BDEAFBA442C}.Release|Any CPU.Build.0 = Release|Any CPU
	EndGlobalSection
	GlobalSection(SolutionProperties) = preSolution
		HideSolutionNode = FALSE
	EndGlobalSection
	GlobalSection(ExtensibilityGlobals) = postSolution
		SolutionGuid = {A70DE0E9-8481-4396-8D5A-87B46DC03796}
	EndGlobalSection
EndGlobal
